// !$*UTF8*$!
{
	archiveVersion = 1;
	classes = {
	};
	objectVersion = 46;
	objects = {

/* Begin PBXBuildFile section */
		DBCB1FBC1C48700600FD8C6F /* TableViewController.swift in Sources */ = {isa = PBXBuildFile; fileRef = DBCB1FBB1C48700600FD8C6F /* TableViewController.swift */; };
		DBCB1FBE1C48702900FD8C6F /* GridViewController.swift in Sources */ = {isa = PBXBuildFile; fileRef = DBCB1FBD1C48702900FD8C6F /* GridViewController.swift */; };
		DBCB1FC21C4884EB00FD8C6F /* SentMemes.swift in Sources */ = {isa = PBXBuildFile; fileRef = DBCB1FC11C4884EB00FD8C6F /* SentMemes.swift */; };
		DBCB1FC61C48A70800FD8C6F /* MemeDetail.swift in Sources */ = {isa = PBXBuildFile; fileRef = DBCB1FC51C48A70800FD8C6F /* MemeDetail.swift */; };
		DBDA95B51C46AF850083DBB8 /* AppDelegate.swift in Sources */ = {isa = PBXBuildFile; fileRef = DBDA95B41C46AF850083DBB8 /* AppDelegate.swift */; };
		DBDA95B71C46AF850083DBB8 /* EditorView.swift in Sources */ = {isa = PBXBuildFile; fileRef = DBDA95B61C46AF850083DBB8 /* EditorView.swift */; };
		DBDA95BA1C46AF850083DBB8 /* Main.storyboard in Resources */ = {isa = PBXBuildFile; fileRef = DBDA95B81C46AF850083DBB8 /* Main.storyboard */; };
		DBDA95BC1C46AF850083DBB8 /* Assets.xcassets in Resources */ = {isa = PBXBuildFile; fileRef = DBDA95BB1C46AF850083DBB8 /* Assets.xcassets */; };
		DBDA95BF1C46AF850083DBB8 /* LaunchScreen.storyboard in Resources */ = {isa = PBXBuildFile; fileRef = DBDA95BD1C46AF850083DBB8 /* LaunchScreen.storyboard */; };
		DBDA95CA1C46AFF90083DBB8 /* BottomTextFiledDelegate.swift in Sources */ = {isa = PBXBuildFile; fileRef = DBDA95C71C46AFF90083DBB8 /* BottomTextFiledDelegate.swift */; };
		DBDA95CB1C46AFF90083DBB8 /* MemeMod.swift in Sources */ = {isa = PBXBuildFile; fileRef = DBDA95C81C46AFF90083DBB8 /* MemeMod.swift */; };
		DBDA95CC1C46AFF90083DBB8 /* TopTextFiledDelegate.swift in Sources */ = {isa = PBXBuildFile; fileRef = DBDA95C91C46AFF90083DBB8 /* TopTextFiledDelegate.swift */; };
/* End PBXBuildFile section */

/* Begin PBXFileReference section */
		DBCB1FBB1C48700600FD8C6F /* TableViewController.swift */ = {isa = PBXFileReference; fileEncoding = 4; lastKnownFileType = sourcecode.swift; path = TableViewController.swift; sourceTree = "<group>"; };
		DBCB1FBD1C48702900FD8C6F /* GridViewController.swift */ = {isa = PBXFileReference; fileEncoding = 4; lastKnownFileType = sourcecode.swift; path = GridViewController.swift; sourceTree = "<group>"; };
		DBCB1FC11C4884EB00FD8C6F /* SentMemes.swift */ = {isa = PBXFileReference; fileEncoding = 4; lastKnownFileType = sourcecode.swift; path = SentMemes.swift; sourceTree = "<group>"; };
		DBCB1FC51C48A70800FD8C6F /* MemeDetail.swift */ = {isa = PBXFileReference; fileEncoding = 4; lastKnownFileType = sourcecode.swift; path = MemeDetail.swift; sourceTree = "<group>"; };
		DBDA95B11C46AF850083DBB8 /* MemeMe2.0.app */ = {isa = PBXFileReference; explicitFileType = wrapper.application; includeInIndex = 0; path = MemeMe2.0.app; sourceTree = BUILT_PRODUCTS_DIR; };
		DBDA95B41C46AF850083DBB8 /* AppDelegate.swift */ = {isa = PBXFileReference; lastKnownFileType = sourcecode.swift; path = AppDelegate.swift; sourceTree = "<group>"; };
		DBDA95B61C46AF850083DBB8 /* EditorView.swift */ = {isa = PBXFileReference; lastKnownFileType = sourcecode.swift; path = EditorView.swift; sourceTree = "<group>"; };
		DBDA95B91C46AF850083DBB8 /* Base */ = {isa = PBXFileReference; lastKnownFileType = file.storyboard; name = Base; path = Base.lproj/Main.storyboard; sourceTree = "<group>"; };
		DBDA95BB1C46AF850083DBB8 /* Assets.xcassets */ = {isa = PBXFileReference; lastKnownFileType = folder.assetcatalog; path = Assets.xcassets; sourceTree = "<group>"; };
		DBDA95BE1C46AF850083DBB8 /* Base */ = {isa = PBXFileReference; lastKnownFileType = file.storyboard; name = Base; path = Base.lproj/LaunchScreen.storyboard; sourceTree = "<group>"; };
		DBDA95C01C46AF850083DBB8 /* Info.plist */ = {isa = PBXFileReference; lastKnownFileType = text.plist.xml; path = Info.plist; sourceTree = "<group>"; };
		DBDA95C71C46AFF90083DBB8 /* BottomTextFiledDelegate.swift */ = {isa = PBXFileReference; fileEncoding = 4; lastKnownFileType = sourcecode.swift; path = BottomTextFiledDelegate.swift; sourceTree = "<group>"; };
		DBDA95C81C46AFF90083DBB8 /* MemeMod.swift */ = {isa = PBXFileReference; fileEncoding = 4; lastKnownFileType = sourcecode.swift; path = MemeMod.swift; sourceTree = "<group>"; };
		DBDA95C91C46AFF90083DBB8 /* TopTextFiledDelegate.swift */ = {isa = PBXFileReference; fileEncoding = 4; lastKnownFileType = sourcecode.swift; path = TopTextFiledDelegate.swift; sourceTree = "<group>"; };
/* End PBXFileReference section */

/* Begin PBXFrameworksBuildPhase section */
		DBDA95AE1C46AF850083DBB8 /* Frameworks */ = {
			isa = PBXFrameworksBuildPhase;
			buildActionMask = 2147483647;
			files = (
			);
			runOnlyForDeploymentPostprocessing = 0;
		};
/* End PBXFrameworksBuildPhase section */

/* Begin PBXGroup section */
		DBDA95A81C46AF850083DBB8 = {
			isa = PBXGroup;
			children = (
				DBDA95B31C46AF850083DBB8 /* MemeMe2.0 */,
				DBDA95B21C46AF850083DBB8 /* Products */,
			);
			sourceTree = "<group>";
		};
		DBDA95B21C46AF850083DBB8 /* Products */ = {
			isa = PBXGroup;
			children = (
				DBDA95B11C46AF850083DBB8 /* MemeMe2.0.app */,
			);
			name = Products;
			sourceTree = "<group>";
		};
		DBDA95B31C46AF850083DBB8 /* MemeMe2.0 */ = {
			isa = PBXGroup;
			children = (
				DBDA95C61C46AFD00083DBB8 /* delegateText */,
				DBDA95B41C46AF850083DBB8 /* AppDelegate.swift */,
				DBDA95C81C46AFF90083DBB8 /* MemeMod.swift */,
				DBDA95B61C46AF850083DBB8 /* EditorView.swift */,
				DBCB1FBB1C48700600FD8C6F /* TableViewController.swift */,
				DBCB1FC51C48A70800FD8C6F /* MemeDetail.swift */,
				DBCB1FC11C4884EB00FD8C6F /* SentMemes.swift */,
				DBCB1FBD1C48702900FD8C6F /* GridViewController.swift */,
				DBDA95B81C46AF850083DBB8 /* Main.storyboard */,
				DBDA95BB1C46AF850083DBB8 /* Assets.xcassets */,
				DBDA95BD1C46AF850083DBB8 /* LaunchScreen.storyboard */,
				DBDA95C01C46AF850083DBB8 /* Info.plist */,
			);
			path = MemeMe2.0;
			sourceTree = "<group>";
		};
		DBDA95C61C46AFD00083DBB8 /* delegateText */ = {
			isa = PBXGroup;
			children = (
				DBDA95C71C46AFF90083DBB8 /* BottomTextFiledDelegate.swift */,
				DBDA95C91C46AFF90083DBB8 /* TopTextFiledDelegate.swift */,
			);
			name = delegateText;
			sourceTree = "<group>";
		};
/* End PBXGroup section */

/* Begin PBXNativeTarget section */
		DBDA95B01C46AF850083DBB8 /* MemeMe2.0 */ = {
			isa = PBXNativeTarget;
			buildConfigurationList = DBDA95C31C46AF850083DBB8 /* Build configuration list for PBXNativeTarget "MemeMe2.0" */;
			buildPhases = (
				DBDA95AD1C46AF850083DBB8 /* Sources */,
				DBDA95AE1C46AF850083DBB8 /* Frameworks */,
				DBDA95AF1C46AF850083DBB8 /* Resources */,
			);
			buildRules = (
			);
			dependencies = (
			);
			name = MemeMe2.0;
			productName = MemeMe2.0;
			productReference = DBDA95B11C46AF850083DBB8 /* MemeMe2.0.app */;
			productType = "com.apple.product-type.application";
		};
/* End PBXNativeTarget section */

/* Begin PBXProject section */
		DBDA95A91C46AF850083DBB8 /* Project object */ = {
			isa = PBXProject;
			attributes = {
				LastSwiftUpdateCheck = 0720;
				LastUpgradeCheck = 0720;
				ORGANIZATIONNAME = "Pastouret Roger";
				TargetAttributes = {
					DBDA95B01C46AF850083DBB8 = {
						CreatedOnToolsVersion = 7.2;
					};
				};
			};
			buildConfigurationList = DBDA95AC1C46AF850083DBB8 /* Build configuration list for PBXProject "MemeMe2.0" */;
			compatibilityVersion = "Xcode 3.2";
			developmentRegion = English;
			hasScannedForEncodings = 0;
			knownRegions = (
				en,
				Base,
			);
			mainGroup = DBDA95A81C46AF850083DBB8;
			productRefGroup = DBDA95B21C46AF850083DBB8 /* Products */;
			projectDirPath = "";
			projectRoot = "";
			targets = (
				DBDA95B01C46AF850083DBB8 /* MemeMe2.0 */,
			);
		};
/* End PBXProject section */

/* Begin PBXResourcesBuildPhase section */
		DBDA95AF1C46AF850083DBB8 /* Resources */ = {
			isa = PBXResourcesBuildPhase;
			buildActionMask = 2147483647;
			files = (
				DBDA95BF1C46AF850083DBB8 /* LaunchScreen.storyboard in Resources */,
				DBDA95BC1C46AF850083DBB8 /* Assets.xcassets in Resources */,
				DBDA95BA1C46AF850083DBB8 /* Main.storyboard in Resources */,
			);
			runOnlyForDeploymentPostprocessing = 0;
		};
/* End PBXResourcesBuildPhase section */

/* Begin PBXSourcesBuildPhase section */
		DBDA95AD1C46AF850083DBB8 /* Sources */ = {
			isa = PBXSourcesBuildPhase;
			buildActionMask = 2147483647;
			files = (
				DBDA95CC1C46AFF90083DBB8 /* TopTextFiledDelegate.swift in Sources */,
				DBCB1FBC1C48700600FD8C6F /* TableViewController.swift in Sources */,
				DBDA95CB1C46AFF90083DBB8 /* MemeMod.swift in Sources */,
				DBCB1FC21C4884EB00FD8C6F /* SentMemes.swift in Sources */,
				DBCB1FBE1C48702900FD8C6F /* GridViewController.swift in Sources */,
				DBDA95B71C46AF850083DBB8 /* EditorView.swift in Sources */,
				DBDA95CA1C46AFF90083DBB8 /* BottomTextFiledDelegate.swift in Sources */,
				DBDA95B51C46AF850083DBB8 /* AppDelegate.swift in Sources */,
				DBCB1FC61C48A70800FD8C6F /* MemeDetail.swift in Sources */,
			);
			runOnlyForDeploymentPostprocessing = 0;
		};
/* End PBXSourcesBuildPhase section */

/* Begin PBXVariantGroup section */
		DBDA95B81C46AF850083DBB8 /* Main.storyboard */ = {
			isa = PBXVariantGroup;
			children = (
				DBDA95B91C46AF850083DBB8 /* Base */,
			);
			name = Main.storyboard;
			sourceTree = "<group>";
		};
		DBDA95BD1C46AF850083DBB8 /* LaunchScreen.storyboard */ = {
			isa = PBXVariantGroup;
			children = (
				DBDA95BE1C46AF850083DBB8 /* Base */,
			);
			name = LaunchScreen.storyboard;
			sourceTree = "<group>";
		};
/* End PBXVariantGroup section */

/* Begin XCBuildConfiguration section */
		DBDA95C11C46AF850083DBB8 /* Debug */ = {
			isa = XCBuildConfiguration;
			buildSettings = {
				ALWAYS_SEARCH_USER_PATHS = NO;
				CLANG_CXX_LANGUAGE_STANDARD = "gnu++0x";
				CLANG_CXX_LIBRARY = "libc++";
				CLANG_ENABLE_MODULES = YES;
				CLANG_ENABLE_OBJC_ARC = YES;
				CLANG_WARN_BOOL_CONVERSION = YES;
				CLANG_WARN_CONSTANT_CONVERSION = YES;
				CLANG_WARN_DIRECT_OBJC_ISA_USAGE = YES_ERROR;
				CLANG_WARN_EMPTY_BODY = YES;
				CLANG_WARN_ENUM_CONVERSION = YES;
				CLANG_WARN_INT_CONVERSION = YES;
				CLANG_WARN_OBJC_ROOT_CLASS = YES_ERROR;
				CLANG_WARN_UNREACHABLE_CODE = YES;
				CLANG_WARN__DUPLICATE_METHOD_MATCH = YES;
				"CODE_SIGN_IDENTITY[sdk=iphoneos*]" = "iPhone Developer";
				COPY_PHASE_STRIP = NO;
				DEBUG_INFORMATION_FORMAT = dwarf;
				ENABLE_STRICT_OBJC_MSGSEND = YES;
				ENABLE_TESTABILITY = YES;
				GCC_C_LANGUAGE_STANDARD = gnu99;
				GCC_DYNAMIC_NO_PIC = NO;
				GCC_NO_COMMON_BLOCKS = YES;
				GCC_OPTIMIZATION_LEVEL = 0;
				GCC_PREPROCESSOR_DEFINITIONS = (
					"DEBUG=1",
					"$(inherited)",
				);
				GCC_WARN_64_TO_32_BIT_CONVERSION = YES;
				GCC_WARN_ABOUT_RETURN_TYPE = YES_ERROR;
				GCC_WARN_UNDECLARED_SELECTOR = YES;
				GCC_WARN_UNINITIALIZED_AUTOS = YES_AGGRESSIVE;
				GCC_WARN_UNUSED_FUNCTION = YES;
				GCC_WARN_UNUSED_VARIABLE = YES;
				IPHONEOS_DEPLOYMENT_TARGET = 9.2;
				MTL_ENABLE_DEBUG_INFO = YES;
				ONLY_ACTIVE_ARCH = YES;
				SDKROOT = iphoneos;
				SWIFT_OPTIMIZATION_LEVEL = "-Onone";
				TARGETED_DEVICE_FAMILY = "1,2";
			};
			name = Debug;
		};
		DBDA95C21C46AF850083DBB8 /* Release */ = {
			isa = XCBuildConfiguration;
			buildSettings = {
				ALWAYS_SEARCH_USER_PATHS = NO;
				CLANG_CXX_LANGUAGE_STANDARD = "gnu++0x";
				CLANG_CXX_LIBRARY = "libc++";
				CLANG_ENABLE_MODULES = YES;
				CLANG_ENABLE_OBJC_ARC = YES;
				CLANG_WARN_BOOL_CONVERSION = YES;
				CLANG_WARN_CONSTANT_CONVERSION = YES;
				CLANG_WARN_DIRECT_OBJC_ISA_USAGE = YES_ERROR;
				CLANG_WARN_EMPTY_BODY = YES;
				CLANG_WARN_ENUM_CONVERSION = YES;
				CLANG_WARN_INT_CONVERSION = YES;
				CLANG_WARN_OBJC_ROOT_CLASS = YES_ERROR;
				CLANG_WARN_UNREACHABLE_CODE = YES;
				CLANG_WARN__DUPLICATE_METHOD_MATCH = YES;
				"CODE_SIGN_IDENTITY[sdk=iphoneos*]" = "iPhone Developer";
				COPY_PHASE_STRIP = NO;
				DEBUG_INFORMATION_FORMAT = "dwarf-with-dsym";
				ENABLE_NS_ASSERTIONS = NO;
				ENABLE_STRICT_OBJC_MSGSEND = YES;
				GCC_C_LANGUAGE_STANDARD = gnu99;
				GCC_NO_COMMON_BLOCKS = YES;
				GCC_WARN_64_TO_32_BIT_CONVERSION = YES;
				GCC_WARN_ABOUT_RETURN_TYPE = YES_ERROR;
				GCC_WARN_UNDECLARED_SELECTOR = YES;
				GCC_WARN_UNINITIALIZED_AUTOS = YES_AGGRESSIVE;
				GCC_WARN_UNUSED_FUNCTION = YES;
				GCC_WARN_UNUSED_VARIABLE = YES;
				IPHONEOS_DEPLOYMENT_TARGET = 9.2;
				MTL_ENABLE_DEBUG_INFO = NO;
				SDKROOT = iphoneos;
				TARGETED_DEVICE_FAMILY = "1,2";
				VALIDATE_PRODUCT = YES;
			};
			name = Release;
		};
		DBDA95C41C46AF850083DBB8 /* Debug */ = {
			isa = XCBuildConfiguration;
			buildSettings = {
				ASSETCATALOG_COMPILER_APPICON_NAME = AppIcon;
				INFOPLIST_FILE = MemeMe2.0/Info.plist;
				LD_RUNPATH_SEARCH_PATHS = "$(inherited) @executable_path/Frameworks";
				PRODUCT_BUNDLE_IDENTIFIER = "com.prv.MemeMe2-0";
				PRODUCT_NAME = "$(TARGET_NAME)";
			};
			name = Debug;
		};
		DBDA95C51C46AF850083DBB8 /* Release */ = {
			isa = XCBuildConfiguration;
			buildSettings = {
				ASSETCATALOG_COMPILER_APPICON_NAME = AppIcon;
				INFOPLIST_FILE = MemeMe2.0/Info.plist;
				LD_RUNPATH_SEARCH_PATHS = "$(inherited) @executable_path/Frameworks";
				PRODUCT_BUNDLE_IDENTIFIER = "com.prv.MemeMe2-0";
				PRODUCT_NAME = "$(TARGET_NAME)";
			};
			name = Release;
		};
/* End XCBuildConfiguration section */

/* Begin XCConfigurationList section */
		DBDA95AC1C46AF850083DBB8 /* Build configuration list for PBXProject "MemeMe2.0" */ = {
			isa = XCConfigurationList;
			buildConfigurations = (
				DBDA95C11C46AF850083DBB8 /* Debug */,
				DBDA95C21C46AF850083DBB8 /* Release */,
			);
			defaultConfigurationIsVisible = 0;
			defaultConfigurationName = Release;
		};
		DBDA95C31C46AF850083DBB8 /* Build configuration list for PBXNativeTarget "MemeMe2.0" */ = {
			isa = XCConfigurationList;
			buildConfigurations = (
				DBDA95C41C46AF850083DBB8 /* Debug */,
				DBDA95C51C46AF850083DBB8 /* Release */,
			);
			defaultConfigurationIsVisible = 0;
			defaultConfigurationName = Release;
		};
/* End XCConfigurationList section */
	};
	rootObject = DBDA95A91C46AF850083DBB8 /* Project object */;
}
